{
    "name": "ts5-extends-wildcard",
    "version": "1.0.0",
    "lockfileVersion": 3,
    "requires": true,
    "packages": {
        "": {
            "name": "ts5-extends-wildcard",
            "version": "1.0.0",
            "workspaces": [
                "apps/*",
                "packages/*"
            ],
            "devDependencies": {
                "typescript": "^5.1.0-dev.20230328"
            }
        },
        "apps/example": {
            "version": "1.0.0",
            "dependencies": {
                "@repo/config": "*"
            }
        },
        "node_modules/@repo/config": {
            "resolved": "packages/config",
            "link": true
        },
        "node_modules/@repo/example": {
            "resolved": "apps/example",
            "link": true
        },
        "node_modules/typescript": {
            "version": "5.1.0-dev.20230328",
            "resolved": "https://registry.npmjs.org/typescript/-/typescript-5.1.0-dev.20230328.tgz",
            "integrity": "sha512-pylwLhhCSsZX72UUJTSD+5DKoEUUKsqQg6w4bLdRVbYVXDCxPLExUayWWCaRSmx9WJjf00YwMA2MXS2z2t5+2g==",
            "dev": true,
            "bin": {
                "tsc": "bin/tsc",
                "tsserver": "bin/tsserver"
            },
            "engines": {
                "node": ">=12.20"
            }
        },
        "packages/config": {
            "version": "1.0.0"
        }
    }
}
